
Microsoft Visual Studio Solution File, Format Version 11.00
# Visual Studio 2010
Project("{FAE04EC0-301F-11D3-BF4B-00C04F79EFBC}") = "170503 360", "Assembly-CSharp.csproj", "{BBB33DE9-EEE0-CE60-5570-A84D59D8A1F8}"
EndProject
Project("{FAE04EC0-301F-11D3-BF4B-00C04F79EFBC}") = "170503 360", "Assembly-CSharp-Editor.csproj", "{4D85203A-737D-0DBF-1AED-FEB6DE3B678E}"
EndProject
Global
	GlobalSection(SolutionConfigurationPlatforms) = preSolution
		Debug|Any CPU = Debug|Any CPU
		Release|Any CPU = Release|Any CPU
	EndGlobalSection
	GlobalSection(ProjectConfigurationPlatforms) = postSolution
		{BBB33DE9-EEE0-CE60-5570-A84D59D8A1F8}.Debug|Any CPU.ActiveCfg = Debug|Any CPU
		{BBB33DE9-EEE0-CE60-5570-A84D59D8A1F8}.Debug|Any CPU.Build.0 = Debug|Any CPU
		{BBB33DE9-EEE0-CE60-5570-A84D59D8A1F8}.Release|Any CPU.ActiveCfg = Release|Any CPU
		{BBB33DE9-EEE0-CE60-5570-A84D59D8A1F8}.Release|Any CPU.Build.0 = Release|Any CPU
		{4D85203A-737D-0DBF-1AED-FEB6DE3B678E}.Debug|Any CPU.ActiveCfg = Debug|Any CPU
		{4D85203A-737D-0DBF-1AED-FEB6DE3B678E}.Debug|Any CPU.Build.0 = Debug|Any CPU
		{4D85203A-737D-0DBF-1AED-FEB6DE3B678E}.Release|Any CPU.ActiveCfg = Release|Any CPU
		{4D85203A-737D-0DBF-1AED-FEB6DE3B678E}.Release|Any CPU.Build.0 = Release|Any CPU
	EndGlobalSection
	GlobalSection(SolutionProperties) = preSolution
		HideSolutionNode = FALSE
	EndGlobalSection
	GlobalSection(MonoDevelopProperties) = preSolution
		StartupItem = Assembly-CSharp.csproj
	EndGlobalSection
EndGlobal
